
Microsoft Visual Studio Solution File, Format Version 12.00
# Visual Studio Version 17
VisualStudioVersion = 17.13.35931.197 d17.13
MinimumVisualStudioVersion = 10.0.40219.1
Project("{FAE04EC0-301F-11D3-BF4B-00C04F79EFBC}") = "BuildingMaterialsInventory", "BuildingMaterialsInventory\BuildingMaterialsInventory.csproj", "{79B8F6D4-AA11-4017-BE13-45F829F91ACD}"
EndProject
Global
	GlobalSection(SolutionConfigurationPlatforms) = preSolution
		Debug|Any CPU = Debug|Any CPU
		Release|Any CPU = Release|Any CPU
	EndGlobalSection
	GlobalSection(ProjectConfigurationPlatforms) = postSolution
		{79B8F6D4-AA11-4017-BE13-45F829F91ACD}.Debug|Any CPU.ActiveCfg = Debug|Any CPU
		{79B8F6D4-AA11-4017-BE13-45F829F91ACD}.Debug|Any CPU.Build.0 = Debug|Any CPU
		{79B8F6D4-AA11-4017-BE13-45F829F91ACD}.Release|Any CPU.ActiveCfg = Release|Any CPU
		{79B8F6D4-AA11-4017-BE13-45F829F91ACD}.Release|Any CPU.Build.0 = Release|Any CPU
	EndGlobalSection
	GlobalSection(SolutionProperties) = preSolution
		HideSolutionNode = FALSE
	EndGlobalSection
	GlobalSection(ExtensibilityGlobals) = postSolution
		SolutionGuid = {7CCF48AA-6970-4F5A-A6C6-F83C6781A338}
	EndGlobalSection
EndGlobal
